
Microsoft Visual Studio Solution File, Format Version 12.00
# Visual Studio 14
VisualStudioVersion = 14.0.25420.1
MinimumVisualStudioVersion = 10.0.40219.1
Project("{FAE04EC0-301F-11D3-BF4B-00C04F79EFBC}") = "THN.Web", "THN.Web\THN.Web.csproj", "{9E67FAF8-84FE-4C59-B0C4-EBB57AAF16A7}"
EndProject
Project("{FAE04EC0-301F-11D3-BF4B-00C04F79EFBC}") = "THN.Core", "THN.Core\THN.Core.csproj", "{267DC2A5-406A-4950-8164-EB4A1D90897F}"
EndProject
Project("{FAE04EC0-301F-11D3-BF4B-00C04F79EFBC}") = "THN.Libraries", "THN.Libraries\THN.Libraries.csproj", "{F2E3F453-7E21-4457-AE68-EA73AF6D5E5A}"
EndProject
Global
	GlobalSection(SolutionConfigurationPlatforms) = preSolution
		Debug|Any CPU = Debug|Any CPU
		Release|Any CPU = Release|Any CPU
	EndGlobalSection
	GlobalSection(ProjectConfigurationPlatforms) = postSolution
		{9E67FAF8-84FE-4C59-B0C4-EBB57AAF16A7}.Debug|Any CPU.ActiveCfg = Debug|Any CPU
		{9E67FAF8-84FE-4C59-B0C4-EBB57AAF16A7}.Debug|Any CPU.Build.0 = Debug|Any CPU
		{9E67FAF8-84FE-4C59-B0C4-EBB57AAF16A7}.Release|Any CPU.ActiveCfg = Release|Any CPU
		{9E67FAF8-84FE-4C59-B0C4-EBB57AAF16A7}.Release|Any CPU.Build.0 = Release|Any CPU
		{267DC2A5-406A-4950-8164-EB4A1D90897F}.Debug|Any CPU.ActiveCfg = Debug|Any CPU
		{267DC2A5-406A-4950-8164-EB4A1D90897F}.Debug|Any CPU.Build.0 = Debug|Any CPU
		{267DC2A5-406A-4950-8164-EB4A1D90897F}.Release|Any CPU.ActiveCfg = Release|Any CPU
		{267DC2A5-406A-4950-8164-EB4A1D90897F}.Release|Any CPU.Build.0 = Release|Any CPU
		{F2E3F453-7E21-4457-AE68-EA73AF6D5E5A}.Debug|Any CPU.ActiveCfg = Debug|Any CPU
		{F2E3F453-7E21-4457-AE68-EA73AF6D5E5A}.Debug|Any CPU.Build.0 = Debug|Any CPU
		{F2E3F453-7E21-4457-AE68-EA73AF6D5E5A}.Release|Any CPU.ActiveCfg = Release|Any CPU
		{F2E3F453-7E21-4457-AE68-EA73AF6D5E5A}.Release|Any CPU.Build.0 = Release|Any CPU
	EndGlobalSection
	GlobalSection(SolutionProperties) = preSolution
		HideSolutionNode = FALSE
	EndGlobalSection
EndGlobal
